// !$*UTF8*$!
{
	archiveVersion = 1;
	classes = {
	};
	objectVersion = 46;
	objects = {

/* Begin PBXBuildFile section */
		F1C9E8601A6963150028BE1F /* main.m in Sources */ = {isa = PBXBuildFile; fileRef = F1C9E85F1A6963150028BE1F /* main.m */; };
		F1C9E8631A6963150028BE1F /* AppDelegate.m in Sources */ = {isa = PBXBuildFile; fileRef = F1C9E8621A6963150028BE1F /* AppDelegate.m */; };
		F1C9E8661A6963150028BE1F /* ViewController.m in Sources */ = {isa = PBXBuildFile; fileRef = F1C9E8651A6963150028BE1F /* ViewController.m */; };
		F1C9E8691A6963150028BE1F /* Main.storyboard in Resources */ = {isa = PBXBuildFile; fileRef = F1C9E8671A6963150028BE1F /* Main.storyboard */; };
		F1C9E86B1A6963150028BE1F /* Images.xcassets in Resources */ = {isa = PBXBuildFile; fileRef = F1C9E86A1A6963150028BE1F /* Images.xcassets */; };
		F1C9E86E1A6963150028BE1F /* LaunchScreen.xib in Resources */ = {isa = PBXBuildFile; fileRef = F1C9E86C1A6963150028BE1F /* LaunchScreen.xib */; };
		F1C9E87A1A6963150028BE1F /* MineTests.m in Sources */ = {isa = PBXBuildFile; fileRef = F1C9E8791A6963150028BE1F /* MineTests.m */; };
		F1C9E8901A696FB80028BE1F /* TableController.m in Sources */ = {isa = PBXBuildFile; fileRef = F1C9E88F1A696FB80028BE1F /* TableController.m */; };
		F1C9E8931A6971040028BE1F /* TableUtil.m in Sources */ = {isa = PBXBuildFile; fileRef = F1C9E8921A6971040028BE1F /* TableUtil.m */; };
		F1C9E89A1A69752D0028BE1F /* LabelUtil.m in Sources */ = {isa = PBXBuildFile; fileRef = F1C9E8991A69752D0028BE1F /* LabelUtil.m */; };
		F1E9D21B1A6C4E2100A5BC33 /* GameViewController.m in Sources */ = {isa = PBXBuildFile; fileRef = F1E9D21A1A6C4E2100A5BC33 /* GameViewController.m */; };
		F1E9D21F1A6C4FB800A5BC33 /* Grid.m in Sources */ = {isa = PBXBuildFile; fileRef = F1E9D21E1A6C4FB800A5BC33 /* Grid.m */; };
		F1E9D2221A6D53A500A5BC33 /* Seal.m in Sources */ = {isa = PBXBuildFile; fileRef = F1E9D2211A6D53A500A5BC33 /* Seal.m */; };
		F1E9D2281A6D690900A5BC33 /* AlertController.m in Sources */ = {isa = PBXBuildFile; fileRef = F1E9D2271A6D690900A5BC33 /* AlertController.m */; };
		F1E9D22B1A6D6C5800A5BC33 /* Number.m in Sources */ = {isa = PBXBuildFile; fileRef = F1E9D22A1A6D6C5800A5BC33 /* Number.m */; };
/* End PBXBuildFile section */

/* Begin PBXContainerItemProxy section */
		F1C9E8741A6963150028BE1F /* PBXContainerItemProxy */ = {
			isa = PBXContainerItemProxy;
			containerPortal = F1C9E8521A6963150028BE1F /* Project object */;
			proxyType = 1;
			remoteGlobalIDString = F1C9E8591A6963150028BE1F;
			remoteInfo = Mine;
		};
/* End PBXContainerItemProxy section */

/* Begin PBXFileReference section */
		F1C9E85A1A6963150028BE1F /* Mine.app */ = {isa = PBXFileReference; explicitFileType = wrapper.application; includeInIndex = 0; path = Mine.app; sourceTree = BUILT_PRODUCTS_DIR; };
		F1C9E85E1A6963150028BE1F /* Info.plist */ = {isa = PBXFileReference; lastKnownFileType = text.plist.xml; path = Info.plist; sourceTree = "<group>"; };
		F1C9E85F1A6963150028BE1F /* main.m */ = {isa = PBXFileReference; lastKnownFileType = sourcecode.c.objc; path = main.m; sourceTree = "<group>"; };
		F1C9E8611A6963150028BE1F /* AppDelegate.h */ = {isa = PBXFileReference; lastKnownFileType = sourcecode.c.h; path = AppDelegate.h; sourceTree = "<group>"; };
		F1C9E8621A6963150028BE1F /* AppDelegate.m */ = {isa = PBXFileReference; lastKnownFileType = sourcecode.c.objc; path = AppDelegate.m; sourceTree = "<group>"; };
		F1C9E8641A6963150028BE1F /* ViewController.h */ = {isa = PBXFileReference; lastKnownFileType = sourcecode.c.h; path = ViewController.h; sourceTree = "<group>"; };
		F1C9E8651A6963150028BE1F /* ViewController.m */ = {isa = PBXFileReference; lastKnownFileType = sourcecode.c.objc; path = ViewController.m; sourceTree = "<group>"; };
		F1C9E8681A6963150028BE1F /* Base */ = {isa = PBXFileReference; lastKnownFileType = file.storyboard; name = Base; path = Base.lproj/Main.storyboard; sourceTree = "<group>"; };
		F1C9E86A1A6963150028BE1F /* Images.xcassets */ = {isa = PBXFileReference; lastKnownFileType = folder.assetcatalog; path = Images.xcassets; sourceTree = "<group>"; };
		F1C9E86D1A6963150028BE1F /* Base */ = {isa = PBXFileReference; lastKnownFileType = file.xib; name = Base; path = Base.lproj/LaunchScreen.xib; sourceTree = "<group>"; };
		F1C9E8731A6963150028BE1F /* MineTests.xctest */ = {isa = PBXFileReference; explicitFileType = wrapper.cfbundle; includeInIndex = 0; path = MineTests.xctest; sourceTree = BUILT_PRODUCTS_DIR; };
		F1C9E8781A6963150028BE1F /* Info.plist */ = {isa = PBXFileReference; lastKnownFileType = text.plist.xml; path = Info.plist; sourceTree = "<group>"; };
		F1C9E8791A6963150028BE1F /* MineTests.m */ = {isa = PBXFileReference; lastKnownFileType = sourcecode.c.objc; path = MineTests.m; sourceTree = "<group>"; };
		F1C9E88E1A696FB80028BE1F /* TableController.h */ = {isa = PBXFileReference; fileEncoding = 4; lastKnownFileType = sourcecode.c.h; path = TableController.h; sourceTree = "<group>"; };
		F1C9E88F1A696FB80028BE1F /* TableController.m */ = {isa = PBXFileReference; fileEncoding = 4; lastKnownFileType = sourcecode.c.objc; path = TableController.m; sourceTree = "<group>"; };
		F1C9E8911A6971040028BE1F /* TableUtil.h */ = {isa = PBXFileReference; fileEncoding = 4; lastKnownFileType = sourcecode.c.h; path = TableUtil.h; sourceTree = "<group>"; };
		F1C9E8921A6971040028BE1F /* TableUtil.m */ = {isa = PBXFileReference; fileEncoding = 4; lastKnownFileType = sourcecode.c.objc; path = TableUtil.m; sourceTree = "<group>"; };
		F1C9E8941A6972040028BE1F /* AppMacro.h */ = {isa = PBXFileReference; lastKnownFileType = sourcecode.c.h; path = AppMacro.h; sourceTree = "<group>"; };
		F1C9E8981A69752D0028BE1F /* LabelUtil.h */ = {isa = PBXFileReference; fileEncoding = 4; lastKnownFileType = sourcecode.c.h; path = LabelUtil.h; sourceTree = "<group>"; };
		F1C9E8991A69752D0028BE1F /* LabelUtil.m */ = {isa = PBXFileReference; fileEncoding = 4; lastKnownFileType = sourcecode.c.objc; path = LabelUtil.m; sourceTree = "<group>"; };
		F1E9D2191A6C4E2100A5BC33 /* GameViewController.h */ = {isa = PBXFileReference; fileEncoding = 4; lastKnownFileType = sourcecode.c.h; path = GameViewController.h; sourceTree = "<group>"; };
		F1E9D21A1A6C4E2100A5BC33 /* GameViewController.m */ = {isa = PBXFileReference; fileEncoding = 4; lastKnownFileType = sourcecode.c.objc; path = GameViewController.m; sourceTree = "<group>"; };
		F1E9D21D1A6C4FB800A5BC33 /* Grid.h */ = {isa = PBXFileReference; fileEncoding = 4; lastKnownFileType = sourcecode.c.h; path = Grid.h; sourceTree = "<group>"; };
		F1E9D21E1A6C4FB800A5BC33 /* Grid.m */ = {isa = PBXFileReference; fileEncoding = 4; lastKnownFileType = sourcecode.c.objc; path = Grid.m; sourceTree = "<group>"; };
		F1E9D2201A6D53A500A5BC33 /* Seal.h */ = {isa = PBXFileReference; fileEncoding = 4; lastKnownFileType = sourcecode.c.h; path = Seal.h; sourceTree = "<group>"; };
		F1E9D2211A6D53A500A5BC33 /* Seal.m */ = {isa = PBXFileReference; fileEncoding = 4; lastKnownFileType = sourcecode.c.objc; path = Seal.m; sourceTree = "<group>"; };
		F1E9D2261A6D690900A5BC33 /* AlertController.h */ = {isa = PBXFileReference; fileEncoding = 4; lastKnownFileType = sourcecode.c.h; path = AlertController.h; sourceTree = "<group>"; };
		F1E9D2271A6D690900A5BC33 /* AlertController.m */ = {isa = PBXFileReference; fileEncoding = 4; lastKnownFileType = sourcecode.c.objc; path = AlertController.m; sourceTree = "<group>"; };
		F1E9D2291A6D6C5800A5BC33 /* Number.h */ = {isa = PBXFileReference; fileEncoding = 4; lastKnownFileType = sourcecode.c.h; path = Number.h; sourceTree = "<group>"; };
		F1E9D22A1A6D6C5800A5BC33 /* Number.m */ = {isa = PBXFileReference; fileEncoding = 4; lastKnownFileType = sourcecode.c.objc; path = Number.m; sourceTree = "<group>"; };
/* End PBXFileReference section */

/* Begin PBXFrameworksBuildPhase section */
		F1C9E8571A6963150028BE1F /* Frameworks */ = {
			isa = PBXFrameworksBuildPhase;
			buildActionMask = 2147483647;
			files = (
			);
			runOnlyForDeploymentPostprocessing = 0;
		};
		F1C9E8701A6963150028BE1F /* Frameworks */ = {
			isa = PBXFrameworksBuildPhase;
			buildActionMask = 2147483647;
			files = (
			);
			runOnlyForDeploymentPostprocessing = 0;
		};
/* End PBXFrameworksBuildPhase section */

/* Begin PBXGroup section */
		F1C9E8511A6963150028BE1F = {
			isa = PBXGroup;
			children = (
				F1C9E85C1A6963150028BE1F /* Mine */,
				F1C9E8761A6963150028BE1F /* MineTests */,
				F1C9E85B1A6963150028BE1F /* Products */,
			);
			sourceTree = "<group>";
		};
		F1C9E85B1A6963150028BE1F /* Products */ = {
			isa = PBXGroup;
			children = (
				F1C9E85A1A6963150028BE1F /* Mine.app */,
				F1C9E8731A6963150028BE1F /* MineTests.xctest */,
			);
			name = Products;
			sourceTree = "<group>";
		};
		F1C9E85C1A6963150028BE1F /* Mine */ = {
			isa = PBXGroup;
			children = (
				F1C9E8941A6972040028BE1F /* AppMacro.h */,
				F1C9E8611A6963150028BE1F /* AppDelegate.h */,
				F1C9E8621A6963150028BE1F /* AppDelegate.m */,
				F1E9D2181A6C4DAE00A5BC33 /* Scene */,
				F1C9E89C1A6979680028BE1F /* Inheri */,
				F1E9D21C1A6C4F6B00A5BC33 /* Module */,
				F1C9E89B1A6979500028BE1F /* Util */,
				F1C9E8671A6963150028BE1F /* Main.storyboard */,
				F1C9E86A1A6963150028BE1F /* Images.xcassets */,
				F1C9E86C1A6963150028BE1F /* LaunchScreen.xib */,
				F1C9E85D1A6963150028BE1F /* Supporting Files */,
			);
			path = Mine;
			sourceTree = "<group>";
		};
		F1C9E85D1A6963150028BE1F /* Supporting Files */ = {
			isa = PBXGroup;
			children = (
				F1C9E85E1A6963150028BE1F /* Info.plist */,
				F1C9E85F1A6963150028BE1F /* main.m */,
			);
			name = "Supporting Files";
			sourceTree = "<group>";
		};
		F1C9E8761A6963150028BE1F /* MineTests */ = {
			isa = PBXGroup;
			children = (
				F1C9E8791A6963150028BE1F /* MineTests.m */,
				F1C9E8771A6963150028BE1F /* Supporting Files */,
			);
			path = MineTests;
			sourceTree = "<group>";
		};
		F1C9E8771A6963150028BE1F /* Supporting Files */ = {
			isa = PBXGroup;
			children = (
				F1C9E8781A6963150028BE1F /* Info.plist */,
			);
			name = "Supporting Files";
			sourceTree = "<group>";
		};
		F1C9E89B1A6979500028BE1F /* Util */ = {
			isa = PBXGroup;
			children = (
				F1C9E8911A6971040028BE1F /* TableUtil.h */,
				F1C9E8921A6971040028BE1F /* TableUtil.m */,
				F1C9E8981A69752D0028BE1F /* LabelUtil.h */,
				F1C9E8991A69752D0028BE1F /* LabelUtil.m */,
			);
			name = Util;
			sourceTree = "<group>";
		};
		F1C9E89C1A6979680028BE1F /* Inheri */ = {
			isa = PBXGroup;
			children = (
				F1C9E88E1A696FB80028BE1F /* TableController.h */,
				F1C9E88F1A696FB80028BE1F /* TableController.m */,
				F1E9D2261A6D690900A5BC33 /* AlertController.h */,
				F1E9D2271A6D690900A5BC33 /* AlertController.m */,
			);
			name = Inheri;
			sourceTree = "<group>";
		};
		F1E9D2181A6C4DAE00A5BC33 /* Scene */ = {
			isa = PBXGroup;
			children = (
				F1C9E8641A6963150028BE1F /* ViewController.h */,
				F1C9E8651A6963150028BE1F /* ViewController.m */,
				F1E9D2191A6C4E2100A5BC33 /* GameViewController.h */,
				F1E9D21A1A6C4E2100A5BC33 /* GameViewController.m */,
			);
			name = Scene;
			sourceTree = "<group>";
		};
		F1E9D21C1A6C4F6B00A5BC33 /* Module */ = {
			isa = PBXGroup;
			children = (
				F1E9D21D1A6C4FB800A5BC33 /* Grid.h */,
				F1E9D21E1A6C4FB800A5BC33 /* Grid.m */,
				F1E9D2201A6D53A500A5BC33 /* Seal.h */,
				F1E9D2211A6D53A500A5BC33 /* Seal.m */,
				F1E9D2291A6D6C5800A5BC33 /* Number.h */,
				F1E9D22A1A6D6C5800A5BC33 /* Number.m */,
			);
			name = Module;
			sourceTree = "<group>";
		};
/* End PBXGroup section */

/* Begin PBXNativeTarget section */
		F1C9E8591A6963150028BE1F /* Mine */ = {
			isa = PBXNativeTarget;
			buildConfigurationList = F1C9E87D1A6963150028BE1F /* Build configuration list for PBXNativeTarget "Mine" */;
			buildPhases = (
				F1C9E8561A6963150028BE1F /* Sources */,
				F1C9E8571A6963150028BE1F /* Frameworks */,
				F1C9E8581A6963150028BE1F /* Resources */,
			);
			buildRules = (
			);
			dependencies = (
			);
			name = Mine;
			productName = Mine;
			productReference = F1C9E85A1A6963150028BE1F /* Mine.app */;
			productType = "com.apple.product-type.application";
		};
		F1C9E8721A6963150028BE1F /* MineTests */ = {
			isa = PBXNativeTarget;
			buildConfigurationList = F1C9E8801A6963150028BE1F /* Build configuration list for PBXNativeTarget "MineTests" */;
			buildPhases = (
				F1C9E86F1A6963150028BE1F /* Sources */,
				F1C9E8701A6963150028BE1F /* Frameworks */,
				F1C9E8711A6963150028BE1F /* Resources */,
			);
			buildRules = (
			);
			dependencies = (
				F1C9E8751A6963150028BE1F /* PBXTargetDependency */,
			);
			name = MineTests;
			productName = MineTests;
			productReference = F1C9E8731A6963150028BE1F /* MineTests.xctest */;
			productType = "com.apple.product-type.bundle.unit-test";
		};
/* End PBXNativeTarget section */

/* Begin PBXProject section */
		F1C9E8521A6963150028BE1F /* Project object */ = {
			isa = PBXProject;
			attributes = {
				LastUpgradeCheck = 0610;
				ORGANIZATIONNAME = sacchy;
				TargetAttributes = {
					F1C9E8591A6963150028BE1F = {
						CreatedOnToolsVersion = 6.1.1;
					};
					F1C9E8721A6963150028BE1F = {
						CreatedOnToolsVersion = 6.1.1;
						TestTargetID = F1C9E8591A6963150028BE1F;
					};
				};
			};
			buildConfigurationList = F1C9E8551A6963150028BE1F /* Build configuration list for PBXProject "Mine" */;
			compatibilityVersion = "Xcode 3.2";
			developmentRegion = English;
			hasScannedForEncodings = 0;
			knownRegions = (
				en,
				Base,
			);
			mainGroup = F1C9E8511A6963150028BE1F;
			productRefGroup = F1C9E85B1A6963150028BE1F /* Products */;
			projectDirPath = "";
			projectRoot = "";
			targets = (
				F1C9E8591A6963150028BE1F /* Mine */,
				F1C9E8721A6963150028BE1F /* MineTests */,
			);
		};
/* End PBXProject section */

/* Begin PBXResourcesBuildPhase section */
		F1C9E8581A6963150028BE1F /* Resources */ = {
			isa = PBXResourcesBuildPhase;
			buildActionMask = 2147483647;
			files = (
				F1C9E8691A6963150028BE1F /* Main.storyboard in Resources */,
				F1C9E86E1A6963150028BE1F /* LaunchScreen.xib in Resources */,
				F1C9E86B1A6963150028BE1F /* Images.xcassets in Resources */,
			);
			runOnlyForDeploymentPostprocessing = 0;
		};
		F1C9E8711A6963150028BE1F /* Resources */ = {
			isa = PBXResourcesBuildPhase;
			buildActionMask = 2147483647;
			files = (
			);
			runOnlyForDeploymentPostprocessing = 0;
		};
/* End PBXResourcesBuildPhase section */

/* Begin PBXSourcesBuildPhase section */
		F1C9E8561A6963150028BE1F /* Sources */ = {
			isa = PBXSourcesBuildPhase;
			buildActionMask = 2147483647;
			files = (
				F1C9E8661A6963150028BE1F /* ViewController.m in Sources */,
				F1C9E8931A6971040028BE1F /* TableUtil.m in Sources */,
				F1E9D21B1A6C4E2100A5BC33 /* GameViewController.m in Sources */,
				F1C9E89A1A69752D0028BE1F /* LabelUtil.m in Sources */,
				F1E9D2221A6D53A500A5BC33 /* Seal.m in Sources */,
				F1C9E8631A6963150028BE1F /* AppDelegate.m in Sources */,
				F1C9E8901A696FB80028BE1F /* TableController.m in Sources */,
				F1E9D22B1A6D6C5800A5BC33 /* Number.m in Sources */,
				F1C9E8601A6963150028BE1F /* main.m in Sources */,
				F1E9D2281A6D690900A5BC33 /* AlertController.m in Sources */,
				F1E9D21F1A6C4FB800A5BC33 /* Grid.m in Sources */,
			);
			runOnlyForDeploymentPostprocessing = 0;
		};
		F1C9E86F1A6963150028BE1F /* Sources */ = {
			isa = PBXSourcesBuildPhase;
			buildActionMask = 2147483647;
			files = (
				F1C9E87A1A6963150028BE1F /* MineTests.m in Sources */,
			);
			runOnlyForDeploymentPostprocessing = 0;
		};
/* End PBXSourcesBuildPhase section */

/* Begin PBXTargetDependency section */
		F1C9E8751A6963150028BE1F /* PBXTargetDependency */ = {
			isa = PBXTargetDependency;
			target = F1C9E8591A6963150028BE1F /* Mine */;
			targetProxy = F1C9E8741A6963150028BE1F /* PBXContainerItemProxy */;
		};
/* End PBXTargetDependency section */

/* Begin PBXVariantGroup section */
		F1C9E8671A6963150028BE1F /* Main.storyboard */ = {
			isa = PBXVariantGroup;
			children = (
				F1C9E8681A6963150028BE1F /* Base */,
			);
			name = Main.storyboard;
			sourceTree = "<group>";
		};
		F1C9E86C1A6963150028BE1F /* LaunchScreen.xib */ = {
			isa = PBXVariantGroup;
			children = (
				F1C9E86D1A6963150028BE1F /* Base */,
			);
			name = LaunchScreen.xib;
			sourceTree = "<group>";
		};
/* End PBXVariantGroup section */

/* Begin XCBuildConfiguration section */
		F1C9E87B1A6963150028BE1F /* Debug */ = {
			isa = XCBuildConfiguration;
			buildSettings = {
				ALWAYS_SEARCH_USER_PATHS = NO;
				CLANG_CXX_LANGUAGE_STANDARD = "gnu++0x";
				CLANG_CXX_LIBRARY = "libc++";
				CLANG_ENABLE_MODULES = YES;
				CLANG_ENABLE_OBJC_ARC = YES;
				CLANG_WARN_BOOL_CONVERSION = YES;
				CLANG_WARN_CONSTANT_CONVERSION = YES;
				CLANG_WARN_DIRECT_OBJC_ISA_USAGE = YES_ERROR;
				CLANG_WARN_EMPTY_BODY = YES;
				CLANG_WARN_ENUM_CONVERSION = YES;
				CLANG_WARN_INT_CONVERSION = YES;
				CLANG_WARN_OBJC_ROOT_CLASS = YES_ERROR;
				CLANG_WARN_UNREACHABLE_CODE = YES;
				CLANG_WARN__DUPLICATE_METHOD_MATCH = YES;
				"CODE_SIGN_IDENTITY[sdk=iphoneos*]" = "iPhone Developer";
				COPY_PHASE_STRIP = NO;
				ENABLE_STRICT_OBJC_MSGSEND = YES;
				GCC_C_LANGUAGE_STANDARD = gnu99;
				GCC_DYNAMIC_NO_PIC = NO;
				GCC_OPTIMIZATION_LEVEL = 0;
				GCC_PREPROCESSOR_DEFINITIONS = (
					"DEBUG=1",
					"$(inherited)",
				);
				GCC_SYMBOLS_PRIVATE_EXTERN = NO;
				GCC_WARN_64_TO_32_BIT_CONVERSION = YES;
				GCC_WARN_ABOUT_RETURN_TYPE = YES_ERROR;
				GCC_WARN_UNDECLARED_SELECTOR = YES;
				GCC_WARN_UNINITIALIZED_AUTOS = YES_AGGRESSIVE;
				GCC_WARN_UNUSED_FUNCTION = YES;
				GCC_WARN_UNUSED_VARIABLE = YES;
				IPHONEOS_DEPLOYMENT_TARGET = 8.1;
				MTL_ENABLE_DEBUG_INFO = YES;
				ONLY_ACTIVE_ARCH = YES;
				SDKROOT = iphoneos;
			};
			name = Debug;
		};
		F1C9E87C1A6963150028BE1F /* Release */ = {
			isa = XCBuildConfiguration;
			buildSettings = {
				ALWAYS_SEARCH_USER_PATHS = NO;
				CLANG_CXX_LANGUAGE_STANDARD = "gnu++0x";
				CLANG_CXX_LIBRARY = "libc++";
				CLANG_ENABLE_MODULES = YES;
				CLANG_ENABLE_OBJC_ARC = YES;
				CLANG_WARN_BOOL_CONVERSION = YES;
				CLANG_WARN_CONSTANT_CONVERSION = YES;
				CLANG_WARN_DIRECT_OBJC_ISA_USAGE = YES_ERROR;
				CLANG_WARN_EMPTY_BODY = YES;
				CLANG_WARN_ENUM_CONVERSION = YES;
				CLANG_WARN_INT_CONVERSION = YES;
				CLANG_WARN_OBJC_ROOT_CLASS = YES_ERROR;
				CLANG_WARN_UNREACHABLE_CODE = YES;
				CLANG_WARN__DUPLICATE_METHOD_MATCH = YES;
				"CODE_SIGN_IDENTITY[sdk=iphoneos*]" = "iPhone Developer";
				COPY_PHASE_STRIP = YES;
				ENABLE_NS_ASSERTIONS = NO;
				ENABLE_STRICT_OBJC_MSGSEND = YES;
				GCC_C_LANGUAGE_STANDARD = gnu99;
				GCC_WARN_64_TO_32_BIT_CONVERSION = YES;
				GCC_WARN_ABOUT_RETURN_TYPE = YES_ERROR;
				GCC_WARN_UNDECLARED_SELECTOR = YES;
				GCC_WARN_UNINITIALIZED_AUTOS = YES_AGGRESSIVE;
				GCC_WARN_UNUSED_FUNCTION = YES;
				GCC_WARN_UNUSED_VARIABLE = YES;
				IPHONEOS_DEPLOYMENT_TARGET = 8.1;
				MTL_ENABLE_DEBUG_INFO = NO;
				SDKROOT = iphoneos;
				VALIDATE_PRODUCT = YES;
			};
			name = Release;
		};
		F1C9E87E1A6963150028BE1F /* Debug */ = {
			isa = XCBuildConfiguration;
			buildSettings = {
				ASSETCATALOG_COMPILER_APPICON_NAME = AppIcon;
				"CODE_SIGN_IDENTITY[sdk=iphoneos*]" = "iPhone Developer: MASAKI SATOH (74MVQAL8J9)";
				INFOPLIST_FILE = Mine/Info.plist;
				IPHONEOS_DEPLOYMENT_TARGET = 6.0;
				LD_RUNPATH_SEARCH_PATHS = "$(inherited) @executable_path/Frameworks";
				PRODUCT_NAME = "$(TARGET_NAME)";
				PROVISIONING_PROFILE = "00e8c658-5928-43c2-b315-b40e64aae41f";
			};
			name = Debug;
		};
		F1C9E87F1A6963150028BE1F /* Release */ = {
			isa = XCBuildConfiguration;
			buildSettings = {
				ASSETCATALOG_COMPILER_APPICON_NAME = AppIcon;
				"CODE_SIGN_IDENTITY[sdk=iphoneos*]" = "iPhone Distribution: MASAKI SATOH (92CAL6YW8F)";
				INFOPLIST_FILE = Mine/Info.plist;
				IPHONEOS_DEPLOYMENT_TARGET = 6.0;
				LD_RUNPATH_SEARCH_PATHS = "$(inherited) @executable_path/Frameworks";
				PRODUCT_NAME = "$(TARGET_NAME)";
				PROVISIONING_PROFILE = "1E0D9EEA-42F1-4B96-8D7A-8C08B9F49501";
			};
			name = Release;
		};
		F1C9E8811A6963150028BE1F /* Debug */ = {
			isa = XCBuildConfiguration;
			buildSettings = {
				BUNDLE_LOADER = "$(TEST_HOST)";
				FRAMEWORK_SEARCH_PATHS = (
					"$(SDKROOT)/Developer/Library/Frameworks",
					"$(inherited)",
				);
				GCC_PREPROCESSOR_DEFINITIONS = (
					"DEBUG=1",
					"$(inherited)",
				);
				INFOPLIST_FILE = MineTests/Info.plist;
				LD_RUNPATH_SEARCH_PATHS = "$(inherited) @executable_path/Frameworks @loader_path/Frameworks";
				PRODUCT_NAME = "$(TARGET_NAME)";
				TEST_HOST = "$(BUILT_PRODUCTS_DIR)/Mine.app/Mine";
			};
			name = Debug;
		};
		F1C9E8821A6963150028BE1F /* Release */ = {
			isa = XCBuildConfiguration;
			buildSettings = {
				BUNDLE_LOADER = "$(TEST_HOST)";
				FRAMEWORK_SEARCH_PATHS = (
					"$(SDKROOT)/Developer/Library/Frameworks",
					"$(inherited)",
				);
				INFOPLIST_FILE = MineTests/Info.plist;
				LD_RUNPATH_SEARCH_PATHS = "$(inherited) @executable_path/Frameworks @loader_path/Frameworks";
				PRODUCT_NAME = "$(TARGET_NAME)";
				TEST_HOST = "$(BUILT_PRODUCTS_DIR)/Mine.app/Mine";
			};
			name = Release;
		};
/* End XCBuildConfiguration section */

/* Begin XCConfigurationList section */
		F1C9E8551A6963150028BE1F /* Build configuration list for PBXProject "Mine" */ = {
			isa = XCConfigurationList;
			buildConfigurations = (
				F1C9E87B1A6963150028BE1F /* Debug */,
				F1C9E87C1A6963150028BE1F /* Release */,
			);
			defaultConfigurationIsVisible = 0;
			defaultConfigurationName = Release;
		};
		F1C9E87D1A6963150028BE1F /* Build configuration list for PBXNativeTarget "Mine" */ = {
			isa = XCConfigurationList;
			buildConfigurations = (
				F1C9E87E1A6963150028BE1F /* Debug */,
				F1C9E87F1A6963150028BE1F /* Release */,
			);
			defaultConfigurationIsVisible = 0;
			defaultConfigurationName = Release;
		};
		F1C9E8801A6963150028BE1F /* Build configuration list for PBXNativeTarget "MineTests" */ = {
			isa = XCConfigurationList;
			buildConfigurations = (
				F1C9E8811A6963150028BE1F /* Debug */,
				F1C9E8821A6963150028BE1F /* Release */,
			);
			defaultConfigurationIsVisible = 0;
			defaultConfigurationName = Release;
		};
/* End XCConfigurationList section */
	};
	rootObject = F1C9E8521A6963150028BE1F /* Project object */;
}
